{
  "name": "javascript-online",
  "version": "1.0.0",
  "lockfileVersion": 1,
  "requires": true,
  "dependencies": {
    "loadsh": {
      "version": "0.0.4",
      "resolved": "https://registry.nlark.com/loadsh/download/loadsh-0.0.4.tgz",
      "integrity": "sha1-UxS6vRK7EzFd3gJKTKcHWMVInS0="
    },
    "typescript": {
      "version": "4.3.5",
      "resolved": "https://registry.nlark.com/typescript/download/typescript-4.3.5.tgz?cache=0&sync_timestamp=1629789549030&other_urls=https%3A%2F%2Fregistry.nlark.com%2Ftypescript%2Fdownload%2Ftypescript-4.3.5.tgz",
      "integrity": "sha1-TRw3zBbok5c8RaBohrcRMjTxGfQ=",
      "dev": true
    }
  }
}
